Microsoft Visual Studio Solution File, Format Version 12.00
# Visual Studio Version 17
VisualStudioVersion = 17.5.2.0
MinimumVisualStudioVersion = 10.0.40219.1
Project("{FAE04EC0-301F-11D3-BF4B-00C04F79EFBC}") = "Csharp.SupplyChainLogisticManagement.Application", "Csharp.SupplyChainLogisticManagement.Application\Csharp.SupplyChainLogisticManagement.Application.csproj", "{AC107616-56F0-75D2-8689-268B99C34189}"
EndProject
Project("{FAE04EC0-301F-11D3-BF4B-00C04F79EFBC}") = "Csharp.SupplyChainLogisticManagement.Domain", "Csharp.SupplyChainLogisticManagement.Domain\Csharp.SupplyChainLogisticManagement.Domain.csproj", "{83DCA910-0BED-C08C-ED39-21CDB127667F}"
EndProject
Project("{FAE04EC0-301F-11D3-BF4B-00C04F79EFBC}") = "Csharp.SupplyChainLogisticManagement.Infrastructure", "Csharp.SupplyChainLogisticManagement.Infrastructure\Csharp.SupplyChainLogisticManagement.Infrastructure.csproj", "{F7CFD45F-7E4C-B44A-E06C-94994A522F4B}"
EndProject
Project("{FAE04EC0-301F-11D3-BF4B-00C04F79EFBC}") = "Csharp.SupplyChainLogisticManagement.UnitTests", "Csharp.SupplyChainLogisticManagement.UnitTests\Csharp.SupplyChainLogisticManagement.UnitTests.csproj", "{00CE19FA-6077-B58B-8482-EF6C2555C25A}"
EndProject
Project("{FAE04EC0-301F-11D3-BF4B-00C04F79EFBC}") = "Csharp.SupplyChainLogisticManagement.WebApi", "Csharp.SupplyChainLogisticManagement.WebApi\Csharp.SupplyChainLogisticManagement.WebApi.csproj", "{F734C21E-6C2A-0A18-7AE1-F7642D72BF24}"
EndProject
Global
	GlobalSection(SolutionConfigurationPlatforms) = preSolution
		Debug|Any CPU = Debug|Any CPU
		Release|Any CPU = Release|Any CPU
	EndGlobalSection
	GlobalSection(ProjectConfigurationPlatforms) = postSolution
		{AC107616-56F0-75D2-8689-268B99C34189}.Debug|Any CPU.ActiveCfg = Debug|Any CPU
		{AC107616-56F0-75D2-8689-268B99C34189}.Debug|Any CPU.Build.0 = Debug|Any CPU
		{AC107616-56F0-75D2-8689-268B99C34189}.Release|Any CPU.ActiveCfg = Release|Any CPU
		{AC107616-56F0-75D2-8689-268B99C34189}.Release|Any CPU.Build.0 = Release|Any CPU
		{83DCA910-0BED-C08C-ED39-21CDB127667F}.Debug|Any CPU.ActiveCfg = Debug|Any CPU
		{83DCA910-0BED-C08C-ED39-21CDB127667F}.Debug|Any CPU.Build.0 = Debug|Any CPU
		{83DCA910-0BED-C08C-ED39-21CDB127667F}.Release|Any CPU.ActiveCfg = Release|Any CPU
		{83DCA910-0BED-C08C-ED39-21CDB127667F}.Release|Any CPU.Build.0 = Release|Any CPU
		{F7CFD45F-7E4C-B44A-E06C-94994A522F4B}.Debug|Any CPU.ActiveCfg = Debug|Any CPU
		{F7CFD45F-7E4C-B44A-E06C-94994A522F4B}.Debug|Any CPU.Build.0 = Debug|Any CPU
		{F7CFD45F-7E4C-B44A-E06C-94994A522F4B}.Release|Any CPU.ActiveCfg = Release|Any CPU
		{F7CFD45F-7E4C-B44A-E06C-94994A522F4B}.Release|Any CPU.Build.0 = Release|Any CPU
		{00CE19FA-6077-B58B-8482-EF6C2555C25A}.Debug|Any CPU.ActiveCfg = Debug|Any CPU
		{00CE19FA-6077-B58B-8482-EF6C2555C25A}.Debug|Any CPU.Build.0 = Debug|Any CPU
		{00CE19FA-6077-B58B-8482-EF6C2555C25A}.Release|Any CPU.ActiveCfg = Release|Any CPU
		{00CE19FA-6077-B58B-8482-EF6C2555C25A}.Release|Any CPU.Build.0 = Release|Any CPU
		{F734C21E-6C2A-0A18-7AE1-F7642D72BF24}.Debug|Any CPU.ActiveCfg = Debug|Any CPU
		{F734C21E-6C2A-0A18-7AE1-F7642D72BF24}.Debug|Any CPU.Build.0 = Debug|Any CPU
		{F734C21E-6C2A-0A18-7AE1-F7642D72BF24}.Release|Any CPU.ActiveCfg = Release|Any CPU
		{F734C21E-6C2A-0A18-7AE1-F7642D72BF24}.Release|Any CPU.Build.0 = Release|Any CPU
	EndGlobalSection
	GlobalSection(SolutionProperties) = preSolution
		HideSolutionNode = FALSE
	EndGlobalSection
	GlobalSection(ExtensibilityGlobals) = postSolution
		SolutionGuid = {E668E55C-7F7D-43CE-854D-998241AEBF45}
	EndGlobalSection
EndGlobal
